// !$*UTF8*$!
{
	archiveVersion = 1;
	classes = {
	};
	objectVersion = 50;
	objects = {

/* Begin PBXBuildFile section */
		A316F618273C5B00007CC07D /* AppDelegate.swift in Sources */ = {isa = PBXBuildFile; fileRef = A316F617273C5B00007CC07D /* AppDelegate.swift */; };
		A316F61A273C5B00007CC07D /* SceneDelegate.swift in Sources */ = {isa = PBXBuildFile; fileRef = A316F619273C5B00007CC07D /* SceneDelegate.swift */; };
		A316F61C273C5B00007CC07D /* ViewController.swift in Sources */ = {isa = PBXBuildFile; fileRef = A316F61B273C5B00007CC07D /* ViewController.swift */; };
		A316F61F273C5B00007CC07D /* Main.storyboard in Resources */ = {isa = PBXBuildFile; fileRef = A316F61D273C5B00007CC07D /* Main.storyboard */; };
		A316F621273C5B02007CC07D /* Assets.xcassets in Resources */ = {isa = PBXBuildFile; fileRef = A316F620273C5B02007CC07D /* Assets.xcassets */; };
		A316F624273C5B02007CC07D /* LaunchScreen.storyboard in Resources */ = {isa = PBXBuildFile; fileRef = A316F622273C5B02007CC07D /* LaunchScreen.storyboard */; };
		A316F62F273C5B02007CC07D /* TicTacToeTests.swift in Sources */ = {isa = PBXBuildFile; fileRef = A316F62E273C5B02007CC07D /* TicTacToeTests.swift */; };
		A316F63A273C5B02007CC07D /* TicTacToeUITests.swift in Sources */ = {isa = PBXBuildFile; fileRef = A316F639273C5B02007CC07D /* TicTacToeUITests.swift */; };
/* End PBXBuildFile section */

/* Begin PBXContainerItemProxy section */
		A316F62B273C5B02007CC07D /* PBXContainerItemProxy */ = {
			isa = PBXContainerItemProxy;
			containerPortal = A316F60C273C5B00007CC07D /* Project object */;
			proxyType = 1;
			remoteGlobalIDString = A316F613273C5B00007CC07D;
			remoteInfo = TicTacToe;
		};
		A316F636273C5B02007CC07D /* PBXContainerItemProxy */ = {
			isa = PBXContainerItemProxy;
			containerPortal = A316F60C273C5B00007CC07D /* Project object */;
			proxyType = 1;
			remoteGlobalIDString = A316F613273C5B00007CC07D;
			remoteInfo = TicTacToe;
		};
/* End PBXContainerItemProxy section */

/* Begin PBXFileReference section */
		A316F614273C5B00007CC07D /* TicTacToe.app */ = {isa = PBXFileReference; explicitFileType = wrapper.application; includeInIndex = 0; path = TicTacToe.app; sourceTree = BUILT_PRODUCTS_DIR; };
		A316F617273C5B00007CC07D /* AppDelegate.swift */ = {isa = PBXFileReference; lastKnownFileType = sourcecode.swift; path = AppDelegate.swift; sourceTree = "<group>"; };
		A316F619273C5B00007CC07D /* SceneDelegate.swift */ = {isa = PBXFileReference; lastKnownFileType = sourcecode.swift; path = SceneDelegate.swift; sourceTree = "<group>"; };
		A316F61B273C5B00007CC07D /* ViewController.swift */ = {isa = PBXFileReference; lastKnownFileType = sourcecode.swift; path = ViewController.swift; sourceTree = "<group>"; };
		A316F61E273C5B00007CC07D /* Base */ = {isa = PBXFileReference; lastKnownFileType = file.storyboard; name = Base; path = Base.lproj/Main.storyboard; sourceTree = "<group>"; };
		A316F620273C5B02007CC07D /* Assets.xcassets */ = {isa = PBXFileReference; lastKnownFileType = folder.assetcatalog; path = Assets.xcassets; sourceTree = "<group>"; };
		A316F623273C5B02007CC07D /* Base */ = {isa = PBXFileReference; lastKnownFileType = file.storyboard; name = Base; path = Base.lproj/LaunchScreen.storyboard; sourceTree = "<group>"; };
		A316F625273C5B02007CC07D /* Info.plist */ = {isa = PBXFileReference; lastKnownFileType = text.plist.xml; path = Info.plist; sourceTree = "<group>"; };
		A316F62A273C5B02007CC07D /* TicTacToeTests.xctest */ = {isa = PBXFileReference; explicitFileType = wrapper.cfbundle; includeInIndex = 0; path = TicTacToeTests.xctest; sourceTree = BUILT_PRODUCTS_DIR; };
		A316F62E273C5B02007CC07D /* TicTacToeTests.swift */ = {isa = PBXFileReference; lastKnownFileType = sourcecode.swift; path = TicTacToeTests.swift; sourceTree = "<group>"; };
		A316F630273C5B02007CC07D /* Info.plist */ = {isa = PBXFileReference; lastKnownFileType = text.plist.xml; path = Info.plist; sourceTree = "<group>"; };
		A316F635273C5B02007CC07D /* TicTacToeUITests.xctest */ = {isa = PBXFileReference; explicitFileType = wrapper.cfbundle; includeInIndex = 0; path = TicTacToeUITests.xctest; sourceTree = BUILT_PRODUCTS_DIR; };
		A316F639273C5B02007CC07D /* TicTacToeUITests.swift */ = {isa = PBXFileReference; lastKnownFileType = sourcecode.swift; path = TicTacToeUITests.swift; sourceTree = "<group>"; };
		A316F63B273C5B02007CC07D /* Info.plist */ = {isa = PBXFileReference; lastKnownFileType = text.plist.xml; path = Info.plist; sourceTree = "<group>"; };
/* End PBXFileReference section */

/* Begin PBXFrameworksBuildPhase section */
		A316F611273C5B00007CC07D /* Frameworks */ = {
			isa = PBXFrameworksBuildPhase;
			buildActionMask = 2147483647;
			files = (
			);
			runOnlyForDeploymentPostprocessing = 0;
		};
		A316F627273C5B02007CC07D /* Frameworks */ = {
			isa = PBXFrameworksBuildPhase;
			buildActionMask = 2147483647;
			files = (
			);
			runOnlyForDeploymentPostprocessing = 0;
		};
		A316F632273C5B02007CC07D /* Frameworks */ = {
			isa = PBXFrameworksBuildPhase;
			buildActionMask = 2147483647;
			files = (
			);
			runOnlyForDeploymentPostprocessing = 0;
		};
/* End PBXFrameworksBuildPhase section */

/* Begin PBXGroup section */
		A316F60B273C5B00007CC07D = {
			isa = PBXGroup;
			children = (
				A316F616273C5B00007CC07D /* TicTacToe */,
				A316F62D273C5B02007CC07D /* TicTacToeTests */,
				A316F638273C5B02007CC07D /* TicTacToeUITests */,
				A316F615273C5B00007CC07D /* Products */,
			);
			sourceTree = "<group>";
		};
		A316F615273C5B00007CC07D /* Products */ = {
			isa = PBXGroup;
			children = (
				A316F614273C5B00007CC07D /* TicTacToe.app */,
				A316F62A273C5B02007CC07D /* TicTacToeTests.xctest */,
				A316F635273C5B02007CC07D /* TicTacToeUITests.xctest */,
			);
			name = Products;
			sourceTree = "<group>";
		};
		A316F616273C5B00007CC07D /* TicTacToe */ = {
			isa = PBXGroup;
			children = (
				A316F617273C5B00007CC07D /* AppDelegate.swift */,
				A316F619273C5B00007CC07D /* SceneDelegate.swift */,
				A316F61B273C5B00007CC07D /* ViewController.swift */,
				A316F61D273C5B00007CC07D /* Main.storyboard */,
				A316F620273C5B02007CC07D /* Assets.xcassets */,
				A316F622273C5B02007CC07D /* LaunchScreen.storyboard */,
				A316F625273C5B02007CC07D /* Info.plist */,
			);
			path = TicTacToe;
			sourceTree = "<group>";
		};
		A316F62D273C5B02007CC07D /* TicTacToeTests */ = {
			isa = PBXGroup;
			children = (
				A316F62E273C5B02007CC07D /* TicTacToeTests.swift */,
				A316F630273C5B02007CC07D /* Info.plist */,
			);
			path = TicTacToeTests;
			sourceTree = "<group>";
		};
		A316F638273C5B02007CC07D /* TicTacToeUITests */ = {
			isa = PBXGroup;
			children = (
				A316F639273C5B02007CC07D /* TicTacToeUITests.swift */,
				A316F63B273C5B02007CC07D /* Info.plist */,
			);
			path = TicTacToeUITests;
			sourceTree = "<group>";
		};
/* End PBXGroup section */

/* Begin PBXNativeTarget section */
		A316F613273C5B00007CC07D /* TicTacToe */ = {
			isa = PBXNativeTarget;
			buildConfigurationList = A316F63E273C5B02007CC07D /* Build configuration list for PBXNativeTarget "TicTacToe" */;
			buildPhases = (
				A316F610273C5B00007CC07D /* Sources */,
				A316F611273C5B00007CC07D /* Frameworks */,
				A316F612273C5B00007CC07D /* Resources */,
			);
			buildRules = (
			);
			dependencies = (
			);
			name = TicTacToe;
			productName = TicTacToe;
			productReference = A316F614273C5B00007CC07D /* TicTacToe.app */;
			productType = "com.apple.product-type.application";
		};
		A316F629273C5B02007CC07D /* TicTacToeTests */ = {
			isa = PBXNativeTarget;
			buildConfigurationList = A316F641273C5B02007CC07D /* Build configuration list for PBXNativeTarget "TicTacToeTests" */;
			buildPhases = (
				A316F626273C5B02007CC07D /* Sources */,
				A316F627273C5B02007CC07D /* Frameworks */,
				A316F628273C5B02007CC07D /* Resources */,
			);
			buildRules = (
			);
			dependencies = (
				A316F62C273C5B02007CC07D /* PBXTargetDependency */,
			);
			name = TicTacToeTests;
			productName = TicTacToeTests;
			productReference = A316F62A273C5B02007CC07D /* TicTacToeTests.xctest */;
			productType = "com.apple.product-type.bundle.unit-test";
		};
		A316F634273C5B02007CC07D /* TicTacToeUITests */ = {
			isa = PBXNativeTarget;
			buildConfigurationList = A316F644273C5B02007CC07D /* Build configuration list for PBXNativeTarget "TicTacToeUITests" */;
			buildPhases = (
				A316F631273C5B02007CC07D /* Sources */,
				A316F632273C5B02007CC07D /* Frameworks */,
				A316F633273C5B02007CC07D /* Resources */,
			);
			buildRules = (
			);
			dependencies = (
				A316F637273C5B02007CC07D /* PBXTargetDependency */,
			);
			name = TicTacToeUITests;
			productName = TicTacToeUITests;
			productReference = A316F635273C5B02007CC07D /* TicTacToeUITests.xctest */;
			productType = "com.apple.product-type.bundle.ui-testing";
		};
/* End PBXNativeTarget section */

/* Begin PBXProject section */
		A316F60C273C5B00007CC07D /* Project object */ = {
			isa = PBXProject;
			attributes = {
				LastSwiftUpdateCheck = 1250;
				LastUpgradeCheck = 1250;
				TargetAttributes = {
					A316F613273C5B00007CC07D = {
						CreatedOnToolsVersion = 12.5.1;
					};
					A316F629273C5B02007CC07D = {
						CreatedOnToolsVersion = 12.5.1;
						TestTargetID = A316F613273C5B00007CC07D;
					};
					A316F634273C5B02007CC07D = {
						CreatedOnToolsVersion = 12.5.1;
						TestTargetID = A316F613273C5B00007CC07D;
					};
				};
			};
			buildConfigurationList = A316F60F273C5B00007CC07D /* Build configuration list for PBXProject "TicTacToe" */;
			compatibilityVersion = "Xcode 9.3";
			developmentRegion = en;
			hasScannedForEncodings = 0;
			knownRegions = (
				en,
				Base,
			);
			mainGroup = A316F60B273C5B00007CC07D;
			productRefGroup = A316F615273C5B00007CC07D /* Products */;
			projectDirPath = "";
			projectRoot = "";
			targets = (
				A316F613273C5B00007CC07D /* TicTacToe */,
				A316F629273C5B02007CC07D /* TicTacToeTests */,
				A316F634273C5B02007CC07D /* TicTacToeUITests */,
			);
		};
/* End PBXProject section */

/* Begin PBXResourcesBuildPhase section */
		A316F612273C5B00007CC07D /* Resources */ = {
			isa = PBXResourcesBuildPhase;
			buildActionMask = 2147483647;
			files = (
				A316F624273C5B02007CC07D /* LaunchScreen.storyboard in Resources */,
				A316F621273C5B02007CC07D /* Assets.xcassets in Resources */,
				A316F61F273C5B00007CC07D /* Main.storyboard in Resources */,
			);
			runOnlyForDeploymentPostprocessing = 0;
		};
		A316F628273C5B02007CC07D /* Resources */ = {
			isa = PBXResourcesBuildPhase;
			buildActionMask = 2147483647;
			files = (
			);
			runOnlyForDeploymentPostprocessing = 0;
		};
		A316F633273C5B02007CC07D /* Resources */ = {
			isa = PBXResourcesBuildPhase;
			buildActionMask = 2147483647;
			files = (
			);
			runOnlyForDeploymentPostprocessing = 0;
		};
/* End PBXResourcesBuildPhase section */

/* Begin PBXSourcesBuildPhase section */
		A316F610273C5B00007CC07D /* Sources */ = {
			isa = PBXSourcesBuildPhase;
			buildActionMask = 2147483647;
			files = (
				A316F61C273C5B00007CC07D /* ViewController.swift in Sources */,
				A316F618273C5B00007CC07D /* AppDelegate.swift in Sources */,
				A316F61A273C5B00007CC07D /* SceneDelegate.swift in Sources */,
			);
			runOnlyForDeploymentPostprocessing = 0;
		};
		A316F626273C5B02007CC07D /* Sources */ = {
			isa = PBXSourcesBuildPhase;
			buildActionMask = 2147483647;
			files = (
				A316F62F273C5B02007CC07D /* TicTacToeTests.swift in Sources */,
			);
			runOnlyForDeploymentPostprocessing = 0;
		};
		A316F631273C5B02007CC07D /* Sources */ = {
			isa = PBXSourcesBuildPhase;
			buildActionMask = 2147483647;
			files = (
				A316F63A273C5B02007CC07D /* TicTacToeUITests.swift in Sources */,
			);
			runOnlyForDeploymentPostprocessing = 0;
		};
/* End PBXSourcesBuildPhase section */

/* Begin PBXTargetDependency section */
		A316F62C273C5B02007CC07D /* PBXTargetDependency */ = {
			isa = PBXTargetDependency;
			target = A316F613273C5B00007CC07D /* TicTacToe */;
			targetProxy = A316F62B273C5B02007CC07D /* PBXContainerItemProxy */;
		};
		A316F637273C5B02007CC07D /* PBXTargetDependency */ = {
			isa = PBXTargetDependency;
			target = A316F613273C5B00007CC07D /* TicTacToe */;
			targetProxy = A316F636273C5B02007CC07D /* PBXContainerItemProxy */;
		};
/* End PBXTargetDependency section */

/* Begin PBXVariantGroup section */
		A316F61D273C5B00007CC07D /* Main.storyboard */ = {
			isa = PBXVariantGroup;
			children = (
				A316F61E273C5B00007CC07D /* Base */,
			);
			name = Main.storyboard;
			sourceTree = "<group>";
		};
		A316F622273C5B02007CC07D /* LaunchScreen.storyboard */ = {
			isa = PBXVariantGroup;
			children = (
				A316F623273C5B02007CC07D /* Base */,
			);
			name = LaunchScreen.storyboard;
			sourceTree = "<group>";
		};
/* End PBXVariantGroup section */

/* Begin XCBuildConfiguration section */
		A316F63C273C5B02007CC07D /* Debug */ = {
			isa = XCBuildConfiguration;
			buildSettings = {
				ALWAYS_SEARCH_USER_PATHS = NO;
				CLANG_ANALYZER_NONNULL = YES;
				CLANG_ANALYZER_NUMBER_OBJECT_CONVERSION = YES_AGGRESSIVE;
				CLANG_CXX_LANGUAGE_STANDARD = "gnu++14";
				CLANG_CXX_LIBRARY = "libc++";
				CLANG_ENABLE_MODULES = YES;
				CLANG_ENABLE_OBJC_ARC = YES;
				CLANG_ENABLE_OBJC_WEAK = YES;
				CLANG_WARN_BLOCK_CAPTURE_AUTORELEASING = YES;
				CLANG_WARN_BOOL_CONVERSION = YES;
				CLANG_WARN_COMMA = YES;
				CLANG_WARN_CONSTANT_CONVERSION = YES;
				CLANG_WARN_DEPRECATED_OBJC_IMPLEMENTATIONS = YES;
				CLANG_WARN_DIRECT_OBJC_ISA_USAGE = YES_ERROR;
				CLANG_WARN_DOCUMENTATION_COMMENTS = YES;
				CLANG_WARN_EMPTY_BODY = YES;
				CLANG_WARN_ENUM_CONVERSION = YES;
				CLANG_WARN_INFINITE_RECURSION = YES;
				CLANG_WARN_INT_CONVERSION = YES;
				CLANG_WARN_NON_LITERAL_NULL_CONVERSION = YES;
				CLANG_WARN_OBJC_IMPLICIT_RETAIN_SELF = YES;
				CLANG_WARN_OBJC_LITERAL_CONVERSION = YES;
				CLANG_WARN_OBJC_ROOT_CLASS = YES_ERROR;
				CLANG_WARN_QUOTED_INCLUDE_IN_FRAMEWORK_HEADER = YES;
				CLANG_WARN_RANGE_LOOP_ANALYSIS = YES;
				CLANG_WARN_STRICT_PROTOTYPES = YES;
				CLANG_WARN_SUSPICIOUS_MOVE = YES;
				CLANG_WARN_UNGUARDED_AVAILABILITY = YES_AGGRESSIVE;
				CLANG_WARN_UNREACHABLE_CODE = YES;
				CLANG_WARN__DUPLICATE_METHOD_MATCH = YES;
				COPY_PHASE_STRIP = NO;
				DEBUG_INFORMATION_FORMAT = dwarf;
				ENABLE_STRICT_OBJC_MSGSEND = YES;
				ENABLE_TESTABILITY = YES;
				GCC_C_LANGUAGE_STANDARD = gnu11;
				GCC_DYNAMIC_NO_PIC = NO;
				GCC_NO_COMMON_BLOCKS = YES;
				GCC_OPTIMIZATION_LEVEL = 0;
				GCC_PREPROCESSOR_DEFINITIONS = (
					"DEBUG=1",
					"$(inherited)",
				);
				GCC_WARN_64_TO_32_BIT_CONVERSION = YES;
				GCC_WARN_ABOUT_RETURN_TYPE = YES_ERROR;
				GCC_WARN_UNDECLARED_SELECTOR = YES;
				GCC_WARN_UNINITIALIZED_AUTOS = YES_AGGRESSIVE;
				GCC_WARN_UNUSED_FUNCTION = YES;
				GCC_WARN_UNUSED_VARIABLE = YES;
				IPHONEOS_DEPLOYMENT_TARGET = 14.5;
				MTL_ENABLE_DEBUG_INFO = INCLUDE_SOURCE;
				MTL_FAST_MATH = YES;
				ONLY_ACTIVE_ARCH = YES;
				SDKROOT = iphoneos;
				SWIFT_ACTIVE_COMPILATION_CONDITIONS = DEBUG;
				SWIFT_OPTIMIZATION_LEVEL = "-Onone";
			};
			name = Debug;
		};
		A316F63D273C5B02007CC07D /* Release */ = {
			isa = XCBuildConfiguration;
			buildSettings = {
				ALWAYS_SEARCH_USER_PATHS = NO;
				CLANG_ANALYZER_NONNULL = YES;
				CLANG_ANALYZER_NUMBER_OBJECT_CONVERSION = YES_AGGRESSIVE;
				CLANG_CXX_LANGUAGE_STANDARD = "gnu++14";
				CLANG_CXX_LIBRARY = "libc++";
				CLANG_ENABLE_MODULES = YES;
				CLANG_ENABLE_OBJC_ARC = YES;
				CLANG_ENABLE_OBJC_WEAK = YES;
				CLANG_WARN_BLOCK_CAPTURE_AUTORELEASING = YES;
				CLANG_WARN_BOOL_CONVERSION = YES;
				CLANG_WARN_COMMA = YES;
				CLANG_WARN_CONSTANT_CONVERSION = YES;
				CLANG_WARN_DEPRECATED_OBJC_IMPLEMENTATIONS = YES;
				CLANG_WARN_DIRECT_OBJC_ISA_USAGE = YES_ERROR;
				CLANG_WARN_DOCUMENTATION_COMMENTS = YES;
				CLANG_WARN_EMPTY_BODY = YES;
				CLANG_WARN_ENUM_CONVERSION = YES;
				CLANG_WARN_INFINITE_RECURSION = YES;
				CLANG_WARN_INT_CONVERSION = YES;
				CLANG_WARN_NON_LITERAL_NULL_CONVERSION = YES;
				CLANG_WARN_OBJC_IMPLICIT_RETAIN_SELF = YES;
				CLANG_WARN_OBJC_LITERAL_CONVERSION = YES;
				CLANG_WARN_OBJC_ROOT_CLASS = YES_ERROR;
				CLANG_WARN_QUOTED_INCLUDE_IN_FRAMEWORK_HEADER = YES;
				CLANG_WARN_RANGE_LOOP_ANALYSIS = YES;
				CLANG_WARN_STRICT_PROTOTYPES = YES;
				CLANG_WARN_SUSPICIOUS_MOVE = YES;
				CLANG_WARN_UNGUARDED_AVAILABILITY = YES_AGGRESSIVE;
				CLANG_WARN_UNREACHABLE_CODE = YES;
				CLANG_WARN__DUPLICATE_METHOD_MATCH = YES;
				COPY_PHASE_STRIP = NO;
				DEBUG_INFORMATION_FORMAT = "dwarf-with-dsym";
				ENABLE_NS_ASSERTIONS = NO;
				ENABLE_STRICT_OBJC_MSGSEND = YES;
				GCC_C_LANGUAGE_STANDARD = gnu11;
				GCC_NO_COMMON_BLOCKS = YES;
				GCC_WARN_64_TO_32_BIT_CONVERSION = YES;
				GCC_WARN_ABOUT_RETURN_TYPE = YES_ERROR;
				GCC_WARN_UNDECLARED_SELECTOR = YES;
				GCC_WARN_UNINITIALIZED_AUTOS = YES_AGGRESSIVE;
				GCC_WARN_UNUSED_FUNCTION = YES;
				GCC_WARN_UNUSED_VARIABLE = YES;
				IPHONEOS_DEPLOYMENT_TARGET = 14.5;
				MTL_ENABLE_DEBUG_INFO = NO;
				MTL_FAST_MATH = YES;
				SDKROOT = iphoneos;
				SWIFT_COMPILATION_MODE = wholemodule;
				SWIFT_OPTIMIZATION_LEVEL = "-O";
				VALIDATE_PRODUCT = YES;
			};
			name = Release;
		};
		A316F63F273C5B02007CC07D /* Debug */ = {
			isa = XCBuildConfiguration;
			buildSettings = {
				ASSETCATALOG_COMPILER_APPICON_NAME = AppIcon;
				ASSETCATALOG_COMPILER_GLOBAL_ACCENT_COLOR_NAME = AccentColor;
				CODE_SIGN_STYLE = Automatic;
				INFOPLIST_FILE = TicTacToe/Info.plist;
				LD_RUNPATH_SEARCH_PATHS = (
					"$(inherited)",
					"@executable_path/Frameworks",
				);
				PRODUCT_BUNDLE_IDENTIFIER = Jo.TicTacToe;
				PRODUCT_NAME = "$(TARGET_NAME)";
				SWIFT_VERSION = 5.0;
				TARGETED_DEVICE_FAMILY = "1,2";
			};
			name = Debug;
		};
		A316F640273C5B02007CC07D /* Release */ = {
			isa = XCBuildConfiguration;
			buildSettings = {
				ASSETCATALOG_COMPILER_APPICON_NAME = AppIcon;
				ASSETCATALOG_COMPILER_GLOBAL_ACCENT_COLOR_NAME = AccentColor;
				CODE_SIGN_STYLE = Automatic;
				INFOPLIST_FILE = TicTacToe/Info.plist;
				LD_RUNPATH_SEARCH_PATHS = (
					"$(inherited)",
					"@executable_path/Frameworks",
				);
				PRODUCT_BUNDLE_IDENTIFIER = Jo.TicTacToe;
				PRODUCT_NAME = "$(TARGET_NAME)";
				SWIFT_VERSION = 5.0;
				TARGETED_DEVICE_FAMILY = "1,2";
			};
			name = Release;
		};
		A316F642273C5B02007CC07D /* Debug */ = {
			isa = XCBuildConfiguration;
			buildSettings = {
				ALWAYS_EMBED_SWIFT_STANDARD_LIBRARIES = YES;
				BUNDLE_LOADER = "$(TEST_HOST)";
				CODE_SIGN_STYLE = Automatic;
				INFOPLIST_FILE = TicTacToeTests/Info.plist;
				IPHONEOS_DEPLOYMENT_TARGET = 14.5;
				LD_RUNPATH_SEARCH_PATHS = (
					"$(inherited)",
					"@executable_path/Frameworks",
					"@loader_path/Frameworks",
				);
				PRODUCT_BUNDLE_IDENTIFIER = Jo.TicTacToeTests;
				PRODUCT_NAME = "$(TARGET_NAME)";
				SWIFT_VERSION = 5.0;
				TARGETED_DEVICE_FAMILY = "1,2";
				TEST_HOST = "$(BUILT_PRODUCTS_DIR)/TicTacToe.app/TicTacToe";
			};
			name = Debug;
		};
		A316F643273C5B02007CC07D /* Release */ = {
			isa = XCBuildConfiguration;
			buildSettings = {
				ALWAYS_EMBED_SWIFT_STANDARD_LIBRARIES = YES;
				BUNDLE_LOADER = "$(TEST_HOST)";
				CODE_SIGN_STYLE = Automatic;
				INFOPLIST_FILE = TicTacToeTests/Info.plist;
				IPHONEOS_DEPLOYMENT_TARGET = 14.5;
				LD_RUNPATH_SEARCH_PATHS = (
					"$(inherited)",
					"@executable_path/Frameworks",
					"@loader_path/Frameworks",
				);
				PRODUCT_BUNDLE_IDENTIFIER = Jo.TicTacToeTests;
				PRODUCT_NAME = "$(TARGET_NAME)";
				SWIFT_VERSION = 5.0;
				TARGETED_DEVICE_FAMILY = "1,2";
				TEST_HOST = "$(BUILT_PRODUCTS_DIR)/TicTacToe.app/TicTacToe";
			};
			name = Release;
		};
		A316F645273C5B02007CC07D /* Debug */ = {
			isa = XCBuildConfiguration;
			buildSettings = {
				ALWAYS_EMBED_SWIFT_STANDARD_LIBRARIES = YES;
				CODE_SIGN_STYLE = Automatic;
				INFOPLIST_FILE = TicTacToeUITests/Info.plist;
				LD_RUNPATH_SEARCH_PATHS = (
					"$(inherited)",
					"@executable_path/Frameworks",
					"@loader_path/Frameworks",
				);
				PRODUCT_BUNDLE_IDENTIFIER = Jo.TicTacToeUITests;
				PRODUCT_NAME = "$(TARGET_NAME)";
				SWIFT_VERSION = 5.0;
				TARGETED_DEVICE_FAMILY = "1,2";
				TEST_TARGET_NAME = TicTacToe;
			};
			name = Debug;
		};
		A316F646273C5B02007CC07D /* Release */ = {
			isa = XCBuildConfiguration;
			buildSettings = {
				ALWAYS_EMBED_SWIFT_STANDARD_LIBRARIES = YES;
				CODE_SIGN_STYLE = Automatic;
				INFOPLIST_FILE = TicTacToeUITests/Info.plist;
				LD_RUNPATH_SEARCH_PATHS = (
					"$(inherited)",
					"@executable_path/Frameworks",
					"@loader_path/Frameworks",
				);
				PRODUCT_BUNDLE_IDENTIFIER = Jo.TicTacToeUITests;
				PRODUCT_NAME = "$(TARGET_NAME)";
				SWIFT_VERSION = 5.0;
				TARGETED_DEVICE_FAMILY = "1,2";
				TEST_TARGET_NAME = TicTacToe;
			};
			name = Release;
		};
/* End XCBuildConfiguration section */

/* Begin XCConfigurationList section */
		A316F60F273C5B00007CC07D /* Build configuration list for PBXProject "TicTacToe" */ = {
			isa = XCConfigurationList;
			buildConfigurations = (
				A316F63C273C5B02007CC07D /* Debug */,
				A316F63D273C5B02007CC07D /* Release */,
			);
			defaultConfigurationIsVisible = 0;
			defaultConfigurationName = Release;
		};
		A316F63E273C5B02007CC07D /* Build configuration list for PBXNativeTarget "TicTacToe" */ = {
			isa = XCConfigurationList;
			buildConfigurations = (
				A316F63F273C5B02007CC07D /* Debug */,
				A316F640273C5B02007CC07D /* Release */,
			);
			defaultConfigurationIsVisible = 0;
			defaultConfigurationName = Release;
		};
		A316F641273C5B02007CC07D /* Build configuration list for PBXNativeTarget "TicTacToeTests" */ = {
			isa = XCConfigurationList;
			buildConfigurations = (
				A316F642273C5B02007CC07D /* Debug */,
				A316F643273C5B02007CC07D /* Release */,
			);
			defaultConfigurationIsVisible = 0;
			defaultConfigurationName = Release;
		};
		A316F644273C5B02007CC07D /* Build configuration list for PBXNativeTarget "TicTacToeUITests" */ = {
			isa = XCConfigurationList;
			buildConfigurations = (
				A316F645273C5B02007CC07D /* Debug */,
				A316F646273C5B02007CC07D /* Release */,
			);
			defaultConfigurationIsVisible = 0;
			defaultConfigurationName = Release;
		};
/* End XCConfigurationList section */
	};
	rootObject = A316F60C273C5B00007CC07D /* Project object */;
}
